{
  "requires": true,
  "lockfileVersion": 1,
  "dependencies": {
    "react-device-detect": {
      "version": "1.14.0",
      "resolved": "https://registry.npmjs.org/react-device-detect/-/react-device-detect-1.14.0.tgz",
      "integrity": "sha512-fXFsZoTeLVrONrUr2sqCAXvnbouwyuqlBWoa3K92goCiPM1lUBvZqekv5TY3C02U/IrdoKLOBPFITYluwxKFyw==",
      "requires": {
        "ua-parser-js": "^0.7.22"
      }
    },
    "ua-parser-js": {
      "version": "0.7.22",
      "resolved": "https://registry.npmjs.org/ua-parser-js/-/ua-parser-js-0.7.22.tgz",
      "integrity": "sha512-YUxzMjJ5T71w6a8WWVcMGM6YWOTX27rCoIQgLXiWaxqXSx9D7DNjiGWn1aJIRSQ5qr0xuhra77bSIh6voR/46Q=="
    }
  }
}
